
Microsoft Visual Studio Solution File, Format Version 12.00
# Visual Studio 15
VisualStudioVersion = 15.0.27703.2035
MinimumVisualStudioVersion = 10.0.40219.1
Project("{8BC9CEB8-8B4A-11D0-8D11-00A0C91BC942}") = "rgb2hsv", "rgb2hsv\rgb2hsv.vcxproj", "{909F45AC-5610-45E8-A285-8FF02BE31B0B}"
EndProject
Global
	GlobalSection(SolutionConfigurationPlatforms) = preSolution
		Debug|x64 = Debug|x64
		Debug|x86 = Debug|x86
		Release|x64 = Release|x64
		Release|x86 = Release|x86
	EndGlobalSection
	GlobalSection(ProjectConfigurationPlatforms) = postSolution
		{909F45AC-5610-45E8-A285-8FF02BE31B0B}.Debug|x64.ActiveCfg = Debug|x64
		{909F45AC-5610-45E8-A285-8FF02BE31B0B}.Debug|x64.Build.0 = Debug|x64
		{909F45AC-5610-45E8-A285-8FF02BE31B0B}.Debug|x86.ActiveCfg = Debug|Win32
		{909F45AC-5610-45E8-A285-8FF02BE31B0B}.Debug|x86.Build.0 = Debug|Win32
		{909F45AC-5610-45E8-A285-8FF02BE31B0B}.Release|x64.ActiveCfg = Release|x64
		{909F45AC-5610-45E8-A285-8FF02BE31B0B}.Release|x64.Build.0 = Release|x64
		{909F45AC-5610-45E8-A285-8FF02BE31B0B}.Release|x86.ActiveCfg = Release|Win32
		{909F45AC-5610-45E8-A285-8FF02BE31B0B}.Release|x86.Build.0 = Release|Win32
	EndGlobalSection
	GlobalSection(SolutionProperties) = preSolution
		HideSolutionNode = FALSE
	EndGlobalSection
	GlobalSection(ExtensibilityGlobals) = postSolution
		SolutionGuid = {316C470B-ED55-4C68-8F3B-FB06F19AB368}
	EndGlobalSection
EndGlobal
